// !$*UTF8*$!
{
	archiveVersion = 1;
	classes = {
	};
	objectVersion = 55;
	objects = {

/* Begin PBXBuildFile section */
		3FCB2B9427EA2BE200D75D93 /* AppDelegate.swift in Sources */ = {isa = PBXBuildFile; fileRef = 3FCB2B9327EA2BE200D75D93 /* AppDelegate.swift */; };
		3FCB2B9627EA2BE200D75D93 /* SceneDelegate.swift in Sources */ = {isa = PBXBuildFile; fileRef = 3FCB2B9527EA2BE200D75D93 /* SceneDelegate.swift */; };
		3FCB2B9827EA2BE200D75D93 /* ViewController.swift in Sources */ = {isa = PBXBuildFile; fileRef = 3FCB2B9727EA2BE200D75D93 /* ViewController.swift */; };
		3FCB2B9B27EA2BE200D75D93 /* Main.storyboard in Resources */ = {isa = PBXBuildFile; fileRef = 3FCB2B9927EA2BE200D75D93 /* Main.storyboard */; };
		3FCB2B9D27EA2BEB00D75D93 /* Assets.xcassets in Resources */ = {isa = PBXBuildFile; fileRef = 3FCB2B9C27EA2BEB00D75D93 /* Assets.xcassets */; };
		3FCB2BA027EA2BEB00D75D93 /* LaunchScreen.storyboard in Resources */ = {isa = PBXBuildFile; fileRef = 3FCB2B9E27EA2BEB00D75D93 /* LaunchScreen.storyboard */; };
		3FCB2BAB27EA2BEC00D75D93 /* DiscountAppMultiControlerTests.swift in Sources */ = {isa = PBXBuildFile; fileRef = 3FCB2BAA27EA2BEC00D75D93 /* DiscountAppMultiControlerTests.swift */; };
		3FCB2BB527EA2BEC00D75D93 /* DiscountAppMultiControlerUITests.swift in Sources */ = {isa = PBXBuildFile; fileRef = 3FCB2BB427EA2BEC00D75D93 /* DiscountAppMultiControlerUITests.swift */; };
		3FCB2BB727EA2BEC00D75D93 /* DiscountAppMultiControlerUITestsLaunchTests.swift in Sources */ = {isa = PBXBuildFile; fileRef = 3FCB2BB627EA2BEC00D75D93 /* DiscountAppMultiControlerUITestsLaunchTests.swift */; };
		3FCB2BC427EA2E2200D75D93 /* ResultViewcontroller.swift in Sources */ = {isa = PBXBuildFile; fileRef = 3FCB2BC327EA2E2200D75D93 /* ResultViewcontroller.swift */; };
/* End PBXBuildFile section */

/* Begin PBXContainerItemProxy section */
		3FCB2BA727EA2BEC00D75D93 /* PBXContainerItemProxy */ = {
			isa = PBXContainerItemProxy;
			containerPortal = 3FCB2B8827EA2BE200D75D93 /* Project object */;
			proxyType = 1;
			remoteGlobalIDString = 3FCB2B8F27EA2BE200D75D93;
			remoteInfo = DiscountAppMultiControler;
		};
		3FCB2BB127EA2BEC00D75D93 /* PBXContainerItemProxy */ = {
			isa = PBXContainerItemProxy;
			containerPortal = 3FCB2B8827EA2BE200D75D93 /* Project object */;
			proxyType = 1;
			remoteGlobalIDString = 3FCB2B8F27EA2BE200D75D93;
			remoteInfo = DiscountAppMultiControler;
		};
/* End PBXContainerItemProxy section */

/* Begin PBXFileReference section */
		3FCB2B9027EA2BE200D75D93 /* DiscountAppMultiControler.app */ = {isa = PBXFileReference; explicitFileType = wrapper.application; includeInIndex = 0; path = DiscountAppMultiControler.app; sourceTree = BUILT_PRODUCTS_DIR; };
		3FCB2B9327EA2BE200D75D93 /* AppDelegate.swift */ = {isa = PBXFileReference; lastKnownFileType = sourcecode.swift; path = AppDelegate.swift; sourceTree = "<group>"; };
		3FCB2B9527EA2BE200D75D93 /* SceneDelegate.swift */ = {isa = PBXFileReference; lastKnownFileType = sourcecode.swift; path = SceneDelegate.swift; sourceTree = "<group>"; };
		3FCB2B9727EA2BE200D75D93 /* ViewController.swift */ = {isa = PBXFileReference; lastKnownFileType = sourcecode.swift; path = ViewController.swift; sourceTree = "<group>"; };
		3FCB2B9A27EA2BE200D75D93 /* Base */ = {isa = PBXFileReference; lastKnownFileType = file.storyboard; name = Base; path = Base.lproj/Main.storyboard; sourceTree = "<group>"; };
		3FCB2B9C27EA2BEB00D75D93 /* Assets.xcassets */ = {isa = PBXFileReference; lastKnownFileType = folder.assetcatalog; path = Assets.xcassets; sourceTree = "<group>"; };
		3FCB2B9F27EA2BEB00D75D93 /* Base */ = {isa = PBXFileReference; lastKnownFileType = file.storyboard; name = Base; path = Base.lproj/LaunchScreen.storyboard; sourceTree = "<group>"; };
		3FCB2BA127EA2BEB00D75D93 /* Info.plist */ = {isa = PBXFileReference; lastKnownFileType = text.plist.xml; path = Info.plist; sourceTree = "<group>"; };
		3FCB2BA627EA2BEC00D75D93 /* DiscountAppMultiControlerTests.xctest */ = {isa = PBXFileReference; explicitFileType = wrapper.cfbundle; includeInIndex = 0; path = DiscountAppMultiControlerTests.xctest; sourceTree = BUILT_PRODUCTS_DIR; };
		3FCB2BAA27EA2BEC00D75D93 /* DiscountAppMultiControlerTests.swift */ = {isa = PBXFileReference; lastKnownFileType = sourcecode.swift; path = DiscountAppMultiControlerTests.swift; sourceTree = "<group>"; };
		3FCB2BB027EA2BEC00D75D93 /* DiscountAppMultiControlerUITests.xctest */ = {isa = PBXFileReference; explicitFileType = wrapper.cfbundle; includeInIndex = 0; path = DiscountAppMultiControlerUITests.xctest; sourceTree = BUILT_PRODUCTS_DIR; };
		3FCB2BB427EA2BEC00D75D93 /* DiscountAppMultiControlerUITests.swift */ = {isa = PBXFileReference; lastKnownFileType = sourcecode.swift; path = DiscountAppMultiControlerUITests.swift; sourceTree = "<group>"; };
		3FCB2BB627EA2BEC00D75D93 /* DiscountAppMultiControlerUITestsLaunchTests.swift */ = {isa = PBXFileReference; lastKnownFileType = sourcecode.swift; path = DiscountAppMultiControlerUITestsLaunchTests.swift; sourceTree = "<group>"; };
		3FCB2BC327EA2E2200D75D93 /* ResultViewcontroller.swift */ = {isa = PBXFileReference; lastKnownFileType = sourcecode.swift; path = ResultViewcontroller.swift; sourceTree = "<group>"; };
/* End PBXFileReference section */

/* Begin PBXFrameworksBuildPhase section */
		3FCB2B8D27EA2BE200D75D93 /* Frameworks */ = {
			isa = PBXFrameworksBuildPhase;
			buildActionMask = 2147483647;
			files = (
			);
			runOnlyForDeploymentPostprocessing = 0;
		};
		3FCB2BA327EA2BEC00D75D93 /* Frameworks */ = {
			isa = PBXFrameworksBuildPhase;
			buildActionMask = 2147483647;
			files = (
			);
			runOnlyForDeploymentPostprocessing = 0;
		};
		3FCB2BAD27EA2BEC00D75D93 /* Frameworks */ = {
			isa = PBXFrameworksBuildPhase;
			buildActionMask = 2147483647;
			files = (
			);
			runOnlyForDeploymentPostprocessing = 0;
		};
/* End PBXFrameworksBuildPhase section */

/* Begin PBXGroup section */
		3FCB2B8727EA2BE200D75D93 = {
			isa = PBXGroup;
			children = (
				3FCB2B9227EA2BE200D75D93 /* DiscountAppMultiControler */,
				3FCB2BA927EA2BEC00D75D93 /* DiscountAppMultiControlerTests */,
				3FCB2BB327EA2BEC00D75D93 /* DiscountAppMultiControlerUITests */,
				3FCB2B9127EA2BE200D75D93 /* Products */,
			);
			sourceTree = "<group>";
		};
		3FCB2B9127EA2BE200D75D93 /* Products */ = {
			isa = PBXGroup;
			children = (
				3FCB2B9027EA2BE200D75D93 /* DiscountAppMultiControler.app */,
				3FCB2BA627EA2BEC00D75D93 /* DiscountAppMultiControlerTests.xctest */,
				3FCB2BB027EA2BEC00D75D93 /* DiscountAppMultiControlerUITests.xctest */,
			);
			name = Products;
			sourceTree = "<group>";
		};
		3FCB2B9227EA2BE200D75D93 /* DiscountAppMultiControler */ = {
			isa = PBXGroup;
			children = (
				3FCB2B9327EA2BE200D75D93 /* AppDelegate.swift */,
				3FCB2B9527EA2BE200D75D93 /* SceneDelegate.swift */,
				3FCB2B9727EA2BE200D75D93 /* ViewController.swift */,
				3FCB2B9927EA2BE200D75D93 /* Main.storyboard */,
				3FCB2B9C27EA2BEB00D75D93 /* Assets.xcassets */,
				3FCB2B9E27EA2BEB00D75D93 /* LaunchScreen.storyboard */,
				3FCB2BA127EA2BEB00D75D93 /* Info.plist */,
				3FCB2BC327EA2E2200D75D93 /* ResultViewcontroller.swift */,
			);
			path = DiscountAppMultiControler;
			sourceTree = "<group>";
		};
		3FCB2BA927EA2BEC00D75D93 /* DiscountAppMultiControlerTests */ = {
			isa = PBXGroup;
			children = (
				3FCB2BAA27EA2BEC00D75D93 /* DiscountAppMultiControlerTests.swift */,
			);
			path = DiscountAppMultiControlerTests;
			sourceTree = "<group>";
		};
		3FCB2BB327EA2BEC00D75D93 /* DiscountAppMultiControlerUITests */ = {
			isa = PBXGroup;
			children = (
				3FCB2BB427EA2BEC00D75D93 /* DiscountAppMultiControlerUITests.swift */,
				3FCB2BB627EA2BEC00D75D93 /* DiscountAppMultiControlerUITestsLaunchTests.swift */,
			);
			path = DiscountAppMultiControlerUITests;
			sourceTree = "<group>";
		};
/* End PBXGroup section */

/* Begin PBXNativeTarget section */
		3FCB2B8F27EA2BE200D75D93 /* DiscountAppMultiControler */ = {
			isa = PBXNativeTarget;
			buildConfigurationList = 3FCB2BBA27EA2BEC00D75D93 /* Build configuration list for PBXNativeTarget "DiscountAppMultiControler" */;
			buildPhases = (
				3FCB2B8C27EA2BE200D75D93 /* Sources */,
				3FCB2B8D27EA2BE200D75D93 /* Frameworks */,
				3FCB2B8E27EA2BE200D75D93 /* Resources */,
			);
			buildRules = (
			);
			dependencies = (
			);
			name = DiscountAppMultiControler;
			productName = DiscountAppMultiControler;
			productReference = 3FCB2B9027EA2BE200D75D93 /* DiscountAppMultiControler.app */;
			productType = "com.apple.product-type.application";
		};
		3FCB2BA527EA2BEC00D75D93 /* DiscountAppMultiControlerTests */ = {
			isa = PBXNativeTarget;
			buildConfigurationList = 3FCB2BBD27EA2BEC00D75D93 /* Build configuration list for PBXNativeTarget "DiscountAppMultiControlerTests" */;
			buildPhases = (
				3FCB2BA227EA2BEC00D75D93 /* Sources */,
				3FCB2BA327EA2BEC00D75D93 /* Frameworks */,
				3FCB2BA427EA2BEC00D75D93 /* Resources */,
			);
			buildRules = (
			);
			dependencies = (
				3FCB2BA827EA2BEC00D75D93 /* PBXTargetDependency */,
			);
			name = DiscountAppMultiControlerTests;
			productName = DiscountAppMultiControlerTests;
			productReference = 3FCB2BA627EA2BEC00D75D93 /* DiscountAppMultiControlerTests.xctest */;
			productType = "com.apple.product-type.bundle.unit-test";
		};
		3FCB2BAF27EA2BEC00D75D93 /* DiscountAppMultiControlerUITests */ = {
			isa = PBXNativeTarget;
			buildConfigurationList = 3FCB2BC027EA2BEC00D75D93 /* Build configuration list for PBXNativeTarget "DiscountAppMultiControlerUITests" */;
			buildPhases = (
				3FCB2BAC27EA2BEC00D75D93 /* Sources */,
				3FCB2BAD27EA2BEC00D75D93 /* Frameworks */,
				3FCB2BAE27EA2BEC00D75D93 /* Resources */,
			);
			buildRules = (
			);
			dependencies = (
				3FCB2BB227EA2BEC00D75D93 /* PBXTargetDependency */,
			);
			name = DiscountAppMultiControlerUITests;
			productName = DiscountAppMultiControlerUITests;
			productReference = 3FCB2BB027EA2BEC00D75D93 /* DiscountAppMultiControlerUITests.xctest */;
			productType = "com.apple.product-type.bundle.ui-testing";
		};
/* End PBXNativeTarget section */

/* Begin PBXProject section */
		3FCB2B8827EA2BE200D75D93 /* Project object */ = {
			isa = PBXProject;
			attributes = {
				BuildIndependentTargetsInParallel = 1;
				LastSwiftUpdateCheck = 1320;
				LastUpgradeCheck = 1320;
				TargetAttributes = {
					3FCB2B8F27EA2BE200D75D93 = {
						CreatedOnToolsVersion = 13.2.1;
					};
					3FCB2BA527EA2BEC00D75D93 = {
						CreatedOnToolsVersion = 13.2.1;
						TestTargetID = 3FCB2B8F27EA2BE200D75D93;
					};
					3FCB2BAF27EA2BEC00D75D93 = {
						CreatedOnToolsVersion = 13.2.1;
						TestTargetID = 3FCB2B8F27EA2BE200D75D93;
					};
				};
			};
			buildConfigurationList = 3FCB2B8B27EA2BE200D75D93 /* Build configuration list for PBXProject "DiscountAppMultiControler" */;
			compatibilityVersion = "Xcode 13.0";
			developmentRegion = en;
			hasScannedForEncodings = 0;
			knownRegions = (
				en,
				Base,
			);
			mainGroup = 3FCB2B8727EA2BE200D75D93;
			productRefGroup = 3FCB2B9127EA2BE200D75D93 /* Products */;
			projectDirPath = "";
			projectRoot = "";
			targets = (
				3FCB2B8F27EA2BE200D75D93 /* DiscountAppMultiControler */,
				3FCB2BA527EA2BEC00D75D93 /* DiscountAppMultiControlerTests */,
				3FCB2BAF27EA2BEC00D75D93 /* DiscountAppMultiControlerUITests */,
			);
		};
/* End PBXProject section */

/* Begin PBXResourcesBuildPhase section */
		3FCB2B8E27EA2BE200D75D93 /* Resources */ = {
			isa = PBXResourcesBuildPhase;
			buildActionMask = 2147483647;
			files = (
				3FCB2BA027EA2BEB00D75D93 /* LaunchScreen.storyboard in Resources */,
				3FCB2B9D27EA2BEB00D75D93 /* Assets.xcassets in Resources */,
				3FCB2B9B27EA2BE200D75D93 /* Main.storyboard in Resources */,
			);
			runOnlyForDeploymentPostprocessing = 0;
		};
		3FCB2BA427EA2BEC00D75D93 /* Resources */ = {
			isa = PBXResourcesBuildPhase;
			buildActionMask = 2147483647;
			files = (
			);
			runOnlyForDeploymentPostprocessing = 0;
		};
		3FCB2BAE27EA2BEC00D75D93 /* Resources */ = {
			isa = PBXResourcesBuildPhase;
			buildActionMask = 2147483647;
			files = (
			);
			runOnlyForDeploymentPostprocessing = 0;
		};
/* End PBXResourcesBuildPhase section */

/* Begin PBXSourcesBuildPhase section */
		3FCB2B8C27EA2BE200D75D93 /* Sources */ = {
			isa = PBXSourcesBuildPhase;
			buildActionMask = 2147483647;
			files = (
				3FCB2B9827EA2BE200D75D93 /* ViewController.swift in Sources */,
				3FCB2B9427EA2BE200D75D93 /* AppDelegate.swift in Sources */,
				3FCB2B9627EA2BE200D75D93 /* SceneDelegate.swift in Sources */,
				3FCB2BC427EA2E2200D75D93 /* ResultViewcontroller.swift in Sources */,
			);
			runOnlyForDeploymentPostprocessing = 0;
		};
		3FCB2BA227EA2BEC00D75D93 /* Sources */ = {
			isa = PBXSourcesBuildPhase;
			buildActionMask = 2147483647;
			files = (
				3FCB2BAB27EA2BEC00D75D93 /* DiscountAppMultiControlerTests.swift in Sources */,
			);
			runOnlyForDeploymentPostprocessing = 0;
		};
		3FCB2BAC27EA2BEC00D75D93 /* Sources */ = {
			isa = PBXSourcesBuildPhase;
			buildActionMask = 2147483647;
			files = (
				3FCB2BB727EA2BEC00D75D93 /* DiscountAppMultiControlerUITestsLaunchTests.swift in Sources */,
				3FCB2BB527EA2BEC00D75D93 /* DiscountAppMultiControlerUITests.swift in Sources */,
			);
			runOnlyForDeploymentPostprocessing = 0;
		};
/* End PBXSourcesBuildPhase section */

/* Begin PBXTargetDependency section */
		3FCB2BA827EA2BEC00D75D93 /* PBXTargetDependency */ = {
			isa = PBXTargetDependency;
			target = 3FCB2B8F27EA2BE200D75D93 /* DiscountAppMultiControler */;
			targetProxy = 3FCB2BA727EA2BEC00D75D93 /* PBXContainerItemProxy */;
		};
		3FCB2BB227EA2BEC00D75D93 /* PBXTargetDependency */ = {
			isa = PBXTargetDependency;
			target = 3FCB2B8F27EA2BE200D75D93 /* DiscountAppMultiControler */;
			targetProxy = 3FCB2BB127EA2BEC00D75D93 /* PBXContainerItemProxy */;
		};
/* End PBXTargetDependency section */

/* Begin PBXVariantGroup section */
		3FCB2B9927EA2BE200D75D93 /* Main.storyboard */ = {
			isa = PBXVariantGroup;
			children = (
				3FCB2B9A27EA2BE200D75D93 /* Base */,
			);
			name = Main.storyboard;
			sourceTree = "<group>";
		};
		3FCB2B9E27EA2BEB00D75D93 /* LaunchScreen.storyboard */ = {
			isa = PBXVariantGroup;
			children = (
				3FCB2B9F27EA2BEB00D75D93 /* Base */,
			);
			name = LaunchScreen.storyboard;
			sourceTree = "<group>";
		};
/* End PBXVariantGroup section */

/* Begin XCBuildConfiguration section */
		3FCB2BB827EA2BEC00D75D93 /* Debug */ = {
			isa = XCBuildConfiguration;
			buildSettings = {
				ALWAYS_SEARCH_USER_PATHS = NO;
				CLANG_ANALYZER_NONNULL = YES;
				CLANG_ANALYZER_NUMBER_OBJECT_CONVERSION = YES_AGGRESSIVE;
				CLANG_CXX_LANGUAGE_STANDARD = "gnu++17";
				CLANG_CXX_LIBRARY = "libc++";
				CLANG_ENABLE_MODULES = YES;
				CLANG_ENABLE_OBJC_ARC = YES;
				CLANG_ENABLE_OBJC_WEAK = YES;
				CLANG_WARN_BLOCK_CAPTURE_AUTORELEASING = YES;
				CLANG_WARN_BOOL_CONVERSION = YES;
				CLANG_WARN_COMMA = YES;
				CLANG_WARN_CONSTANT_CONVERSION = YES;
				CLANG_WARN_DEPRECATED_OBJC_IMPLEMENTATIONS = YES;
				CLANG_WARN_DIRECT_OBJC_ISA_USAGE = YES_ERROR;
				CLANG_WARN_DOCUMENTATION_COMMENTS = YES;
				CLANG_WARN_EMPTY_BODY = YES;
				CLANG_WARN_ENUM_CONVERSION = YES;
				CLANG_WARN_INFINITE_RECURSION = YES;
				CLANG_WARN_INT_CONVERSION = YES;
				CLANG_WARN_NON_LITERAL_NULL_CONVERSION = YES;
				CLANG_WARN_OBJC_IMPLICIT_RETAIN_SELF = YES;
				CLANG_WARN_OBJC_LITERAL_CONVERSION = YES;
				CLANG_WARN_OBJC_ROOT_CLASS = YES_ERROR;
				CLANG_WARN_QUOTED_INCLUDE_IN_FRAMEWORK_HEADER = YES;
				CLANG_WARN_RANGE_LOOP_ANALYSIS = YES;
				CLANG_WARN_STRICT_PROTOTYPES = YES;
				CLANG_WARN_SUSPICIOUS_MOVE = YES;
				CLANG_WARN_UNGUARDED_AVAILABILITY = YES_AGGRESSIVE;
				CLANG_WARN_UNREACHABLE_CODE = YES;
				CLANG_WARN__DUPLICATE_METHOD_MATCH = YES;
				COPY_PHASE_STRIP = NO;
				DEBUG_INFORMATION_FORMAT = dwarf;
				ENABLE_STRICT_OBJC_MSGSEND = YES;
				ENABLE_TESTABILITY = YES;
				GCC_C_LANGUAGE_STANDARD = gnu11;
				GCC_DYNAMIC_NO_PIC = NO;
				GCC_NO_COMMON_BLOCKS = YES;
				GCC_OPTIMIZATION_LEVEL = 0;
				GCC_PREPROCESSOR_DEFINITIONS = (
					"DEBUG=1",
					"$(inherited)",
				);
				GCC_WARN_64_TO_32_BIT_CONVERSION = YES;
				GCC_WARN_ABOUT_RETURN_TYPE = YES_ERROR;
				GCC_WARN_UNDECLARED_SELECTOR = YES;
				GCC_WARN_UNINITIALIZED_AUTOS = YES_AGGRESSIVE;
				GCC_WARN_UNUSED_FUNCTION = YES;
				GCC_WARN_UNUSED_VARIABLE = YES;
				IPHONEOS_DEPLOYMENT_TARGET = 15.2;
				MTL_ENABLE_DEBUG_INFO = INCLUDE_SOURCE;
				MTL_FAST_MATH = YES;
				ONLY_ACTIVE_ARCH = YES;
				SDKROOT = iphoneos;
				SWIFT_ACTIVE_COMPILATION_CONDITIONS = DEBUG;
				SWIFT_OPTIMIZATION_LEVEL = "-Onone";
			};
			name = Debug;
		};
		3FCB2BB927EA2BEC00D75D93 /* Release */ = {
			isa = XCBuildConfiguration;
			buildSettings = {
				ALWAYS_SEARCH_USER_PATHS = NO;
				CLANG_ANALYZER_NONNULL = YES;
				CLANG_ANALYZER_NUMBER_OBJECT_CONVERSION = YES_AGGRESSIVE;
				CLANG_CXX_LANGUAGE_STANDARD = "gnu++17";
				CLANG_CXX_LIBRARY = "libc++";
				CLANG_ENABLE_MODULES = YES;
				CLANG_ENABLE_OBJC_ARC = YES;
				CLANG_ENABLE_OBJC_WEAK = YES;
				CLANG_WARN_BLOCK_CAPTURE_AUTORELEASING = YES;
				CLANG_WARN_BOOL_CONVERSION = YES;
				CLANG_WARN_COMMA = YES;
				CLANG_WARN_CONSTANT_CONVERSION = YES;
				CLANG_WARN_DEPRECATED_OBJC_IMPLEMENTATIONS = YES;
				CLANG_WARN_DIRECT_OBJC_ISA_USAGE = YES_ERROR;
				CLANG_WARN_DOCUMENTATION_COMMENTS = YES;
				CLANG_WARN_EMPTY_BODY = YES;
				CLANG_WARN_ENUM_CONVERSION = YES;
				CLANG_WARN_INFINITE_RECURSION = YES;
				CLANG_WARN_INT_CONVERSION = YES;
				CLANG_WARN_NON_LITERAL_NULL_CONVERSION = YES;
				CLANG_WARN_OBJC_IMPLICIT_RETAIN_SELF = YES;
				CLANG_WARN_OBJC_LITERAL_CONVERSION = YES;
				CLANG_WARN_OBJC_ROOT_CLASS = YES_ERROR;
				CLANG_WARN_QUOTED_INCLUDE_IN_FRAMEWORK_HEADER = YES;
				CLANG_WARN_RANGE_LOOP_ANALYSIS = YES;
				CLANG_WARN_STRICT_PROTOTYPES = YES;
				CLANG_WARN_SUSPICIOUS_MOVE = YES;
				CLANG_WARN_UNGUARDED_AVAILABILITY = YES_AGGRESSIVE;
				CLANG_WARN_UNREACHABLE_CODE = YES;
				CLANG_WARN__DUPLICATE_METHOD_MATCH = YES;
				COPY_PHASE_STRIP = NO;
				DEBUG_INFORMATION_FORMAT = "dwarf-with-dsym";
				ENABLE_NS_ASSERTIONS = NO;
				ENABLE_STRICT_OBJC_MSGSEND = YES;
				GCC_C_LANGUAGE_STANDARD = gnu11;
				GCC_NO_COMMON_BLOCKS = YES;
				GCC_WARN_64_TO_32_BIT_CONVERSION = YES;
				GCC_WARN_ABOUT_RETURN_TYPE = YES_ERROR;
				GCC_WARN_UNDECLARED_SELECTOR = YES;
				GCC_WARN_UNINITIALIZED_AUTOS = YES_AGGRESSIVE;
				GCC_WARN_UNUSED_FUNCTION = YES;
				GCC_WARN_UNUSED_VARIABLE = YES;
				IPHONEOS_DEPLOYMENT_TARGET = 15.2;
				MTL_ENABLE_DEBUG_INFO = NO;
				MTL_FAST_MATH = YES;
				SDKROOT = iphoneos;
				SWIFT_COMPILATION_MODE = wholemodule;
				SWIFT_OPTIMIZATION_LEVEL = "-O";
				VALIDATE_PRODUCT = YES;
			};
			name = Release;
		};
		3FCB2BBB27EA2BEC00D75D93 /* Debug */ = {
			isa = XCBuildConfiguration;
			buildSettings = {
				ASSETCATALOG_COMPILER_APPICON_NAME = AppIcon;
				ASSETCATALOG_COMPILER_GLOBAL_ACCENT_COLOR_NAME = AccentColor;
				CODE_SIGN_STYLE = Automatic;
				CURRENT_PROJECT_VERSION = 1;
				GENERATE_INFOPLIST_FILE = YES;
				INFOPLIST_FILE = DiscountAppMultiControler/Info.plist;
				INFOPLIST_KEY_UIApplicationSupportsIndirectInputEvents = YES;
				INFOPLIST_KEY_UILaunchStoryboardName = LaunchScreen;
				INFOPLIST_KEY_UIMainStoryboardFile = Main;
				INFOPLIST_KEY_UISupportedInterfaceOrientations_iPad = "UIInterfaceOrientationPortrait UIInterfaceOrientationPortraitUpsideDown UIInterfaceOrientationLandscapeLeft UIInterfaceOrientationLandscapeRight";
				INFOPLIST_KEY_UISupportedInterfaceOrientations_iPhone = "UIInterfaceOrientationPortrait UIInterfaceOrientationLandscapeLeft UIInterfaceOrientationLandscapeRight";
				LD_RUNPATH_SEARCH_PATHS = (
					"$(inherited)",
					"@executable_path/Frameworks",
				);
				MARKETING_VERSION = 1.0;
				PRODUCT_BUNDLE_IDENTIFIER = NWMSU.DiscountAppMultiControler;
				PRODUCT_NAME = "$(TARGET_NAME)";
				SWIFT_EMIT_LOC_STRINGS = YES;
				SWIFT_VERSION = 5.0;
				TARGETED_DEVICE_FAMILY = "1,2";
			};
			name = Debug;
		};
		3FCB2BBC27EA2BEC00D75D93 /* Release */ = {
			isa = XCBuildConfiguration;
			buildSettings = {
				ASSETCATALOG_COMPILER_APPICON_NAME = AppIcon;
				ASSETCATALOG_COMPILER_GLOBAL_ACCENT_COLOR_NAME = AccentColor;
				CODE_SIGN_STYLE = Automatic;
				CURRENT_PROJECT_VERSION = 1;
				GENERATE_INFOPLIST_FILE = YES;
				INFOPLIST_FILE = DiscountAppMultiControler/Info.plist;
				INFOPLIST_KEY_UIApplicationSupportsIndirectInputEvents = YES;
				INFOPLIST_KEY_UILaunchStoryboardName = LaunchScreen;
				INFOPLIST_KEY_UIMainStoryboardFile = Main;
				INFOPLIST_KEY_UISupportedInterfaceOrientations_iPad = "UIInterfaceOrientationPortrait UIInterfaceOrientationPortraitUpsideDown UIInterfaceOrientationLandscapeLeft UIInterfaceOrientationLandscapeRight";
				INFOPLIST_KEY_UISupportedInterfaceOrientations_iPhone = "UIInterfaceOrientationPortrait UIInterfaceOrientationLandscapeLeft UIInterfaceOrientationLandscapeRight";
				LD_RUNPATH_SEARCH_PATHS = (
					"$(inherited)",
					"@executable_path/Frameworks",
				);
				MARKETING_VERSION = 1.0;
				PRODUCT_BUNDLE_IDENTIFIER = NWMSU.DiscountAppMultiControler;
				PRODUCT_NAME = "$(TARGET_NAME)";
				SWIFT_EMIT_LOC_STRINGS = YES;
				SWIFT_VERSION = 5.0;
				TARGETED_DEVICE_FAMILY = "1,2";
			};
			name = Release;
		};
		3FCB2BBE27EA2BEC00D75D93 /* Debug */ = {
			isa = XCBuildConfiguration;
			buildSettings = {
				ALWAYS_EMBED_SWIFT_STANDARD_LIBRARIES = YES;
				BUNDLE_LOADER = "$(TEST_HOST)";
				CODE_SIGN_STYLE = Automatic;
				CURRENT_PROJECT_VERSION = 1;
				GENERATE_INFOPLIST_FILE = YES;
				IPHONEOS_DEPLOYMENT_TARGET = 15.2;
				MARKETING_VERSION = 1.0;
				PRODUCT_BUNDLE_IDENTIFIER = NWMSU.DiscountAppMultiControlerTests;
				PRODUCT_NAME = "$(TARGET_NAME)";
				SWIFT_EMIT_LOC_STRINGS = NO;
				SWIFT_VERSION = 5.0;
				TARGETED_DEVICE_FAMILY = "1,2";
				TEST_HOST = "$(BUILT_PRODUCTS_DIR)/DiscountAppMultiControler.app/DiscountAppMultiControler";
			};
			name = Debug;
		};
		3FCB2BBF27EA2BEC00D75D93 /* Release */ = {
			isa = XCBuildConfiguration;
			buildSettings = {
				ALWAYS_EMBED_SWIFT_STANDARD_LIBRARIES = YES;
				BUNDLE_LOADER = "$(TEST_HOST)";
				CODE_SIGN_STYLE = Automatic;
				CURRENT_PROJECT_VERSION = 1;
				GENERATE_INFOPLIST_FILE = YES;
				IPHONEOS_DEPLOYMENT_TARGET = 15.2;
				MARKETING_VERSION = 1.0;
				PRODUCT_BUNDLE_IDENTIFIER = NWMSU.DiscountAppMultiControlerTests;
				PRODUCT_NAME = "$(TARGET_NAME)";
				SWIFT_EMIT_LOC_STRINGS = NO;
				SWIFT_VERSION = 5.0;
				TARGETED_DEVICE_FAMILY = "1,2";
				TEST_HOST = "$(BUILT_PRODUCTS_DIR)/DiscountAppMultiControler.app/DiscountAppMultiControler";
			};
			name = Release;
		};
		3FCB2BC127EA2BEC00D75D93 /* Debug */ = {
			isa = XCBuildConfiguration;
			buildSettings = {
				ALWAYS_EMBED_SWIFT_STANDARD_LIBRARIES = YES;
				CODE_SIGN_STYLE = Automatic;
				CURRENT_PROJECT_VERSION = 1;
				GENERATE_INFOPLIST_FILE = YES;
				MARKETING_VERSION = 1.0;
				PRODUCT_BUNDLE_IDENTIFIER = NWMSU.DiscountAppMultiControlerUITests;
				PRODUCT_NAME = "$(TARGET_NAME)";
				SWIFT_EMIT_LOC_STRINGS = NO;
				SWIFT_VERSION = 5.0;
				TARGETED_DEVICE_FAMILY = "1,2";
				TEST_TARGET_NAME = DiscountAppMultiControler;
			};
			name = Debug;
		};
		3FCB2BC227EA2BEC00D75D93 /* Release */ = {
			isa = XCBuildConfiguration;
			buildSettings = {
				ALWAYS_EMBED_SWIFT_STANDARD_LIBRARIES = YES;
				CODE_SIGN_STYLE = Automatic;
				CURRENT_PROJECT_VERSION = 1;
				GENERATE_INFOPLIST_FILE = YES;
				MARKETING_VERSION = 1.0;
				PRODUCT_BUNDLE_IDENTIFIER = NWMSU.DiscountAppMultiControlerUITests;
				PRODUCT_NAME = "$(TARGET_NAME)";
				SWIFT_EMIT_LOC_STRINGS = NO;
				SWIFT_VERSION = 5.0;
				TARGETED_DEVICE_FAMILY = "1,2";
				TEST_TARGET_NAME = DiscountAppMultiControler;
			};
			name = Release;
		};
/* End XCBuildConfiguration section */

/* Begin XCConfigurationList section */
		3FCB2B8B27EA2BE200D75D93 /* Build configuration list for PBXProject "DiscountAppMultiControler" */ = {
			isa = XCConfigurationList;
			buildConfigurations = (
				3FCB2BB827EA2BEC00D75D93 /* Debug */,
				3FCB2BB927EA2BEC00D75D93 /* Release */,
			);
			defaultConfigurationIsVisible = 0;
			defaultConfigurationName = Release;
		};
		3FCB2BBA27EA2BEC00D75D93 /* Build configuration list for PBXNativeTarget "DiscountAppMultiControler" */ = {
			isa = XCConfigurationList;
			buildConfigurations = (
				3FCB2BBB27EA2BEC00D75D93 /* Debug */,
				3FCB2BBC27EA2BEC00D75D93 /* Release */,
			);
			defaultConfigurationIsVisible = 0;
			defaultConfigurationName = Release;
		};
		3FCB2BBD27EA2BEC00D75D93 /* Build configuration list for PBXNativeTarget "DiscountAppMultiControlerTests" */ = {
			isa = XCConfigurationList;
			buildConfigurations = (
				3FCB2BBE27EA2BEC00D75D93 /* Debug */,
				3FCB2BBF27EA2BEC00D75D93 /* Release */,
			);
			defaultConfigurationIsVisible = 0;
			defaultConfigurationName = Release;
		};
		3FCB2BC027EA2BEC00D75D93 /* Build configuration list for PBXNativeTarget "DiscountAppMultiControlerUITests" */ = {
			isa = XCConfigurationList;
			buildConfigurations = (
				3FCB2BC127EA2BEC00D75D93 /* Debug */,
				3FCB2BC227EA2BEC00D75D93 /* Release */,
			);
			defaultConfigurationIsVisible = 0;
			defaultConfigurationName = Release;
		};
/* End XCConfigurationList section */
	};
	rootObject = 3FCB2B8827EA2BE200D75D93 /* Project object */;
}
